
Microsoft Visual Studio Solution File, Format Version 12.00
# Visual Studio Version 16
VisualStudioVersion = 16.0.31105.61
MinimumVisualStudioVersion = 10.0.40219.1
Project("{9A19103F-16F7-4668-BE54-9A1E7A4F7556}") = "Gateway", "Gateway\Gateway.csproj", "{1B033206-1528-47D9-9B5B-B4E89DF58B6F}"
EndProject
Project("{9A19103F-16F7-4668-BE54-9A1E7A4F7556}") = "Archive", "Archive\Archive.csproj", "{2BCDFE55-AE94-439A-9A41-8C80471EC271}"
EndProject
Project("{9A19103F-16F7-4668-BE54-9A1E7A4F7556}") = "Infrastructure", "Infrastructure\Infrastructure.csproj", "{A20D4C4E-674D-40CC-BB40-C77722674D50}"
EndProject
Project("{FAE04EC0-301F-11D3-BF4B-00C04F79EFBC}") = "Contracts", "Contracts\Contracts.csproj", "{13B62397-FA96-4061-A7BF-549BCF59D9BD}"
EndProject
Global
	GlobalSection(SolutionConfigurationPlatforms) = preSolution
		Debug|Any CPU = Debug|Any CPU
		Release|Any CPU = Release|Any CPU
	EndGlobalSection
	GlobalSection(ProjectConfigurationPlatforms) = postSolution
		{1B033206-1528-47D9-9B5B-B4E89DF58B6F}.Debug|Any CPU.ActiveCfg = Debug|Any CPU
		{1B033206-1528-47D9-9B5B-B4E89DF58B6F}.Debug|Any CPU.Build.0 = Debug|Any CPU
		{1B033206-1528-47D9-9B5B-B4E89DF58B6F}.Release|Any CPU.ActiveCfg = Release|Any CPU
		{1B033206-1528-47D9-9B5B-B4E89DF58B6F}.Release|Any CPU.Build.0 = Release|Any CPU
		{2BCDFE55-AE94-439A-9A41-8C80471EC271}.Debug|Any CPU.ActiveCfg = Debug|Any CPU
		{2BCDFE55-AE94-439A-9A41-8C80471EC271}.Debug|Any CPU.Build.0 = Debug|Any CPU
		{2BCDFE55-AE94-439A-9A41-8C80471EC271}.Release|Any CPU.ActiveCfg = Release|Any CPU
		{2BCDFE55-AE94-439A-9A41-8C80471EC271}.Release|Any CPU.Build.0 = Release|Any CPU
		{A20D4C4E-674D-40CC-BB40-C77722674D50}.Debug|Any CPU.ActiveCfg = Debug|Any CPU
		{A20D4C4E-674D-40CC-BB40-C77722674D50}.Debug|Any CPU.Build.0 = Debug|Any CPU
		{A20D4C4E-674D-40CC-BB40-C77722674D50}.Release|Any CPU.ActiveCfg = Release|Any CPU
		{A20D4C4E-674D-40CC-BB40-C77722674D50}.Release|Any CPU.Build.0 = Release|Any CPU
		{13B62397-FA96-4061-A7BF-549BCF59D9BD}.Debug|Any CPU.ActiveCfg = Debug|Any CPU
		{13B62397-FA96-4061-A7BF-549BCF59D9BD}.Debug|Any CPU.Build.0 = Debug|Any CPU
		{13B62397-FA96-4061-A7BF-549BCF59D9BD}.Release|Any CPU.ActiveCfg = Release|Any CPU
		{13B62397-FA96-4061-A7BF-549BCF59D9BD}.Release|Any CPU.Build.0 = Release|Any CPU
	EndGlobalSection
	GlobalSection(SolutionProperties) = preSolution
		HideSolutionNode = FALSE
	EndGlobalSection
	GlobalSection(ExtensibilityGlobals) = postSolution
		SolutionGuid = {6BEA9A50-D877-4164-9546-38F321EB887C}
	EndGlobalSection
EndGlobal
